
Microsoft Visual Studio Solution File, Format Version 12.00
# Visual Studio Version 16
VisualStudioVersion = 16.0.30002.166
MinimumVisualStudioVersion = 10.0.40219.1
Project("{FAE04EC0-301F-11D3-BF4B-00C04F79EFBC}") = "Day5", "Day5.csproj", "{9981C635-2FA3-4E67-A953-D22303BC4E59}"
EndProject
Global
	GlobalSection(SolutionConfigurationPlatforms) = preSolution
		Debug|Any CPU = Debug|Any CPU
		Release|Any CPU = Release|Any CPU
	EndGlobalSection
	GlobalSection(ProjectConfigurationPlatforms) = postSolution
		{9981C635-2FA3-4E67-A953-D22303BC4E59}.Debug|Any CPU.ActiveCfg = Debug|Any CPU
		{9981C635-2FA3-4E67-A953-D22303BC4E59}.Debug|Any CPU.Build.0 = Debug|Any CPU
		{9981C635-2FA3-4E67-A953-D22303BC4E59}.Release|Any CPU.ActiveCfg = Release|Any CPU
		{9981C635-2FA3-4E67-A953-D22303BC4E59}.Release|Any CPU.Build.0 = Release|Any CPU
	EndGlobalSection
	GlobalSection(SolutionProperties) = preSolution
		HideSolutionNode = FALSE
	EndGlobalSection
	GlobalSection(ExtensibilityGlobals) = postSolution
		SolutionGuid = {7A346230-117B-4063-B01B-2437B9130BD1}
	EndGlobalSection
EndGlobal
