
Microsoft Visual Studio Solution File, Format Version 12.00
# Visual Studio Version 16
VisualStudioVersion = 16.0.30002.166
MinimumVisualStudioVersion = 10.0.40219.1
Project("{FAE04EC0-301F-11D3-BF4B-00C04F79EFBC}") = "Day3", "Day3.csproj", "{D4790A09-585F-4F9E-9C9B-1BB415B1EC53}"
EndProject
Global
	GlobalSection(SolutionConfigurationPlatforms) = preSolution
		Debug|Any CPU = Debug|Any CPU
		Release|Any CPU = Release|Any CPU
	EndGlobalSection
	GlobalSection(ProjectConfigurationPlatforms) = postSolution
		{D4790A09-585F-4F9E-9C9B-1BB415B1EC53}.Debug|Any CPU.ActiveCfg = Debug|Any CPU
		{D4790A09-585F-4F9E-9C9B-1BB415B1EC53}.Debug|Any CPU.Build.0 = Debug|Any CPU
		{D4790A09-585F-4F9E-9C9B-1BB415B1EC53}.Release|Any CPU.ActiveCfg = Release|Any CPU
		{D4790A09-585F-4F9E-9C9B-1BB415B1EC53}.Release|Any CPU.Build.0 = Release|Any CPU
	EndGlobalSection
	GlobalSection(SolutionProperties) = preSolution
		HideSolutionNode = FALSE
	EndGlobalSection
	GlobalSection(ExtensibilityGlobals) = postSolution
		SolutionGuid = {072328C0-3748-4956-88E0-9A663AF3B15C}
	EndGlobalSection
EndGlobal
